{
  "version": 4,
  "terraform_version": "1.5.5",
  "serial": 71,
  "lineage": "0072f7fa-ab07-85b3-0a03-28a83097f6fb",
  "outputs": {},
  "resources": [
    {
      "mode": "managed",
      "type": "databricks_job",
      "name": "integration_test_end_to_end_job",
      "provider": "provider[\"registry.terraform.io/databricks/databricks\"]",
      "instances": [
        {
          "schema_version": 2,
          "attributes": {
            "always_running": false,
            "continuous": [],
            "control_run_state": false,
            "dbt_task": [],
            "deployment": [
              {
                "kind": "BUNDLE",
                "metadata_file_path": "/Users/bbluestone@outlook.com/.bundle/source-A-bundle/dev/state/metadata.json"
              }
            ],
            "description": null,
            "edit_mode": "UI_LOCKED",
            "email_notifications": [
              {
                "no_alert_for_skipped_runs": false,
                "on_duration_warning_threshold_exceeded": [],
                "on_failure": [],
                "on_start": [],
                "on_streaming_backlog_exceeded": [],
                "on_success": []
              }
            ],
            "environment": [],
            "existing_cluster_id": null,
            "format": "MULTI_TASK",
            "git_source": [],
            "health": [],
            "id": "562267536800613",
            "job_cluster": [],
            "library": [],
            "max_concurrent_runs": 4,
            "max_retries": 0,
            "min_retry_interval_millis": 0,
            "name": "[dev bbluestone] integration_test",
            "new_cluster": [],
            "notebook_task": [],
            "notification_settings": [],
            "parameter": [],
            "pipeline_task": [],
            "python_wheel_task": [],
            "queue": [
              {
                "enabled": true
              }
            ],
            "retry_on_timeout": false,
            "run_as": [
              {
                "service_principal_name": "",
                "user_name": "bbluestone@outlook.com"
              }
            ],
            "run_job_task": [],
            "schedule": [],
            "spark_jar_task": [],
            "spark_python_task": [],
            "spark_submit_task": [],
            "tags": {
              "dev": "bbluestone"
            },
            "task": [
              {
                "condition_task": [],
                "dbt_task": [],
                "depends_on": [],
                "description": "",
                "disable_auto_optimization": false,
                "email_notifications": [
                  {
                    "no_alert_for_skipped_runs": false,
                    "on_duration_warning_threshold_exceeded": [],
                    "on_failure": [],
                    "on_start": [],
                    "on_streaming_backlog_exceeded": [],
                    "on_success": []
                  }
                ],
                "environment_key": "",
                "existing_cluster_id": "0316-094940-oenlls44",
                "for_each_task": [],
                "health": [],
                "job_cluster_key": "",
                "library": [],
                "max_retries": 0,
                "min_retry_interval_millis": 0,
                "new_cluster": [],
                "notebook_task": [
                  {
                    "base_parameters": {},
                    "notebook_path": "/Users/bbluestone@outlook.com/.bundle/source-A-bundle/dev/files/tests/integration/test_source_A_end_to_end",
                    "source": "WORKSPACE",
                    "warehouse_id": ""
                  }
                ],
                "notification_settings": [],
                "pipeline_task": [],
                "python_wheel_task": [],
                "retry_on_timeout": false,
                "run_if": "ALL_SUCCESS",
                "run_job_task": [],
                "spark_jar_task": [],
                "spark_python_task": [],
                "spark_submit_task": [],
                "sql_task": [],
                "task_key": "source_a_end_to_end_integration_test",
                "timeout_seconds": 0,
                "webhook_notifications": []
              }
            ],
            "timeout_seconds": 0,
            "timeouts": null,
            "trigger": [],
            "url": "https://adb-1909067673949101.1.azuredatabricks.net/#job/562267536800613",
            "webhook_notifications": [
              {
                "on_duration_warning_threshold_exceeded": [],
                "on_failure": [],
                "on_start": [],
                "on_streaming_backlog_exceeded": [],
                "on_success": []
              }
            ]
          },
          "sensitive_attributes": [],
          "private": "eyJlMmJmYjczMC1lY2FhLTExZTYtOGY4OC0zNDM2M2JjN2M0YzAiOnsiY3JlYXRlIjoxODAwMDAwMDAwMDAwLCJ1cGRhdGUiOjE4MDAwMDAwMDAwMDB9LCJzY2hlbWFfdmVyc2lvbiI6IjIifQ=="
        }
      ]
    },
    {
      "mode": "managed",
      "type": "databricks_job",
      "name": "source_A_etl",
      "provider": "provider[\"registry.terraform.io/databricks/databricks\"]",
      "instances": [
        {
          "schema_version": 2,
          "attributes": {
            "always_running": false,
            "continuous": [],
            "control_run_state": false,
            "dbt_task": [],
            "deployment": [
              {
                "kind": "BUNDLE",
                "metadata_file_path": "/Users/bbluestone@outlook.com/.bundle/source-A-bundle/dev/state/metadata.json"
              }
            ],
            "description": null,
            "edit_mode": "UI_LOCKED",
            "email_notifications": [
              {
                "no_alert_for_skipped_runs": false,
                "on_duration_warning_threshold_exceeded": [],
                "on_failure": [],
                "on_start": [],
                "on_streaming_backlog_exceeded": [],
                "on_success": []
              }
            ],
            "environment": [],
            "existing_cluster_id": null,
            "format": "MULTI_TASK",
            "git_source": [],
            "health": [],
            "id": "1119622932772805",
            "job_cluster": [
              {
                "job_cluster_key": "job_cluster",
                "new_cluster": [
                  {
                    "apply_policy_default_values": false,
                    "autoscale": [],
                    "aws_attributes": [],
                    "azure_attributes": [
                      {
                        "availability": "ON_DEMAND_AZURE",
                        "first_on_demand": 0,
                        "log_analytics_info": [],
                        "spot_bid_max_price": 0
                      }
                    ],
                    "cluster_id": "",
                    "cluster_log_conf": [],
                    "cluster_mount_info": [],
                    "cluster_name": "",
                    "custom_tags": {},
                    "data_security_mode": "",
                    "docker_image": [],
                    "driver_instance_pool_id": "",
                    "driver_node_type_id": "",
                    "enable_elastic_disk": true,
                    "enable_local_disk_encryption": false,
                    "gcp_attributes": [],
                    "idempotency_token": "",
                    "init_scripts": [],
                    "instance_pool_id": "",
                    "library": [],
                    "node_type_id": "Standard_D3_v2",
                    "num_workers": 1,
                    "policy_id": "",
                    "runtime_engine": "",
                    "single_user_name": "",
                    "spark_conf": {},
                    "spark_env_vars": {},
                    "spark_version": "13.3.x-scala2.12",
                    "ssh_public_keys": [],
                    "workload_type": []
                  }
                ]
              }
            ],
            "library": [],
            "max_concurrent_runs": 4,
            "max_retries": 0,
            "min_retry_interval_millis": 0,
            "name": "[dev bbluestone] source_A_etl",
            "new_cluster": [],
            "notebook_task": [],
            "notification_settings": [],
            "parameter": [],
            "pipeline_task": [],
            "python_wheel_task": [],
            "queue": [
              {
                "enabled": true
              }
            ],
            "retry_on_timeout": false,
            "run_as": [
              {
                "service_principal_name": "",
                "user_name": "bbluestone@outlook.com"
              }
            ],
            "run_job_task": [],
            "schedule": [],
            "spark_jar_task": [],
            "spark_python_task": [],
            "spark_submit_task": [],
            "tags": {
              "dev": "bbluestone"
            },
            "task": [
              {
                "condition_task": [],
                "dbt_task": [],
                "depends_on": [
                  {
                    "outcome": "",
                    "task_key": "upload_to_bronze"
                  }
                ],
                "description": "",
                "disable_auto_optimization": false,
                "email_notifications": [
                  {
                    "no_alert_for_skipped_runs": false,
                    "on_duration_warning_threshold_exceeded": [],
                    "on_failure": [],
                    "on_start": [],
                    "on_streaming_backlog_exceeded": [],
                    "on_success": []
                  }
                ],
                "environment_key": "",
                "existing_cluster_id": "",
                "for_each_task": [],
                "health": [],
                "job_cluster_key": "job_cluster",
                "library": [],
                "max_retries": 0,
                "min_retry_interval_millis": 0,
                "new_cluster": [],
                "notebook_task": [
                  {
                    "base_parameters": {},
                    "notebook_path": "/Users/bbluestone@outlook.com/.bundle/source-A-bundle/dev/files/src/source_A_2_bronze_to_silver_notebook",
                    "source": "WORKSPACE",
                    "warehouse_id": ""
                  }
                ],
                "notification_settings": [],
                "pipeline_task": [],
                "python_wheel_task": [],
                "retry_on_timeout": false,
                "run_if": "ALL_SUCCESS",
                "run_job_task": [],
                "spark_jar_task": [],
                "spark_python_task": [],
                "spark_submit_task": [],
                "sql_task": [],
                "task_key": "bronze_to_silver",
                "timeout_seconds": 0,
                "webhook_notifications": []
              },
              {
                "condition_task": [],
                "dbt_task": [],
                "depends_on": [
                  {
                    "outcome": "",
                    "task_key": "bronze_to_silver"
                  }
                ],
                "description": "",
                "disable_auto_optimization": false,
                "email_notifications": [
                  {
                    "no_alert_for_skipped_runs": false,
                    "on_duration_warning_threshold_exceeded": [],
                    "on_failure": [],
                    "on_start": [],
                    "on_streaming_backlog_exceeded": [],
                    "on_success": []
                  }
                ],
                "environment_key": "",
                "existing_cluster_id": "",
                "for_each_task": [],
                "health": [],
                "job_cluster_key": "job_cluster",
                "library": [],
                "max_retries": 0,
                "min_retry_interval_millis": 0,
                "new_cluster": [],
                "notebook_task": [
                  {
                    "base_parameters": {},
                    "notebook_path": "/Users/bbluestone@outlook.com/.bundle/source-A-bundle/dev/files/src/source_A_3_silver_to_gold_notebook",
                    "source": "WORKSPACE",
                    "warehouse_id": ""
                  }
                ],
                "notification_settings": [],
                "pipeline_task": [],
                "python_wheel_task": [],
                "retry_on_timeout": false,
                "run_if": "ALL_SUCCESS",
                "run_job_task": [],
                "spark_jar_task": [],
                "spark_python_task": [],
                "spark_submit_task": [],
                "sql_task": [],
                "task_key": "silver_to_gold",
                "timeout_seconds": 0,
                "webhook_notifications": []
              },
              {
                "condition_task": [],
                "dbt_task": [],
                "depends_on": [],
                "description": "",
                "disable_auto_optimization": false,
                "email_notifications": [
                  {
                    "no_alert_for_skipped_runs": false,
                    "on_duration_warning_threshold_exceeded": [],
                    "on_failure": [],
                    "on_start": [],
                    "on_streaming_backlog_exceeded": [],
                    "on_success": []
                  }
                ],
                "environment_key": "",
                "existing_cluster_id": "",
                "for_each_task": [],
                "health": [],
                "job_cluster_key": "job_cluster",
                "library": [],
                "max_retries": 0,
                "min_retry_interval_millis": 0,
                "new_cluster": [],
                "notebook_task": [
                  {
                    "base_parameters": {
                      "destination_table": "source_a.bronze",
                      "source_table": "source_a.test_table"
                    },
                    "notebook_path": "/Users/bbluestone@outlook.com/.bundle/source-A-bundle/dev/files/src/source_A_1_raw_to_bronze_notebook",
                    "source": "WORKSPACE",
                    "warehouse_id": ""
                  }
                ],
                "notification_settings": [],
                "pipeline_task": [],
                "python_wheel_task": [],
                "retry_on_timeout": false,
                "run_if": "ALL_SUCCESS",
                "run_job_task": [],
                "spark_jar_task": [],
                "spark_python_task": [],
                "spark_submit_task": [],
                "sql_task": [],
                "task_key": "upload_to_bronze",
                "timeout_seconds": 0,
                "webhook_notifications": []
              }
            ],
            "timeout_seconds": 0,
            "timeouts": null,
            "trigger": [],
            "url": "https://adb-1909067673949101.1.azuredatabricks.net/#job/1119622932772805",
            "webhook_notifications": [
              {
                "on_duration_warning_threshold_exceeded": [],
                "on_failure": [],
                "on_start": [],
                "on_streaming_backlog_exceeded": [],
                "on_success": []
              }
            ]
          },
          "sensitive_attributes": [],
          "private": "eyJlMmJmYjczMC1lY2FhLTExZTYtOGY4OC0zNDM2M2JjN2M0YzAiOnsiY3JlYXRlIjoxODAwMDAwMDAwMDAwLCJ1cGRhdGUiOjE4MDAwMDAwMDAwMDB9LCJzY2hlbWFfdmVyc2lvbiI6IjIifQ=="
        }
      ]
    },
    {
      "mode": "managed",
      "type": "databricks_job",
      "name": "wheel-job",
      "provider": "provider[\"registry.terraform.io/databricks/databricks\"]",
      "instances": [
        {
          "schema_version": 2,
          "attributes": {
            "always_running": false,
            "continuous": [],
            "control_run_state": false,
            "dbt_task": [],
            "deployment": [
              {
                "kind": "BUNDLE",
                "metadata_file_path": "/Users/bbluestone@outlook.com/.bundle/source-A-bundle/dev/state/metadata.json"
              }
            ],
            "description": null,
            "edit_mode": "UI_LOCKED",
            "email_notifications": [
              {
                "no_alert_for_skipped_runs": false,
                "on_duration_warning_threshold_exceeded": [],
                "on_failure": [],
                "on_start": [],
                "on_streaming_backlog_exceeded": [],
                "on_success": []
              }
            ],
            "environment": [],
            "existing_cluster_id": null,
            "format": "MULTI_TASK",
            "git_source": [],
            "health": [],
            "id": "42798562049751",
            "job_cluster": [],
            "library": [],
            "max_concurrent_runs": 4,
            "max_retries": 0,
            "min_retry_interval_millis": 0,
            "name": "[dev bbluestone] wheel-job",
            "new_cluster": [],
            "notebook_task": [],
            "notification_settings": [],
            "parameter": [],
            "pipeline_task": [],
            "python_wheel_task": [],
            "queue": [
              {
                "enabled": true
              }
            ],
            "retry_on_timeout": false,
            "run_as": [
              {
                "service_principal_name": "",
                "user_name": "bbluestone@outlook.com"
              }
            ],
            "run_job_task": [],
            "schedule": [],
            "spark_jar_task": [],
            "spark_python_task": [],
            "spark_submit_task": [],
            "tags": {
              "dev": "bbluestone"
            },
            "task": [
              {
                "condition_task": [],
                "dbt_task": [],
                "depends_on": [],
                "description": "",
                "disable_auto_optimization": false,
                "email_notifications": [
                  {
                    "no_alert_for_skipped_runs": false,
                    "on_duration_warning_threshold_exceeded": [],
                    "on_failure": [],
                    "on_start": [],
                    "on_streaming_backlog_exceeded": [],
                    "on_success": []
                  }
                ],
                "environment_key": "",
                "existing_cluster_id": "",
                "for_each_task": [],
                "health": [],
                "job_cluster_key": "",
                "library": [
                  {
                    "cran": [],
                    "egg": "",
                    "jar": "",
                    "maven": [],
                    "pypi": [],
                    "requirements": "",
                    "whl": "/Workspace/Users/bbluestone@outlook.com/.bundle/source-A-bundle/dev/artifacts/.internal/my_wheel-0.1.4-py3-none-any.whl"
                  }
                ],
                "max_retries": 0,
                "min_retry_interval_millis": 0,
                "new_cluster": [
                  {
                    "apply_policy_default_values": false,
                    "autoscale": [],
                    "aws_attributes": [],
                    "azure_attributes": [
                      {
                        "availability": "ON_DEMAND_AZURE",
                        "first_on_demand": 0,
                        "log_analytics_info": [],
                        "spot_bid_max_price": 0
                      }
                    ],
                    "cluster_id": "",
                    "cluster_log_conf": [],
                    "cluster_mount_info": [],
                    "cluster_name": "",
                    "custom_tags": {},
                    "data_security_mode": "USER_ISOLATION",
                    "docker_image": [],
                    "driver_instance_pool_id": "",
                    "driver_node_type_id": "",
                    "enable_elastic_disk": true,
                    "enable_local_disk_encryption": false,
                    "gcp_attributes": [],
                    "idempotency_token": "",
                    "init_scripts": [],
                    "instance_pool_id": "",
                    "library": [],
                    "node_type_id": "Standard_D3_v2",
                    "num_workers": 1,
                    "policy_id": "",
                    "runtime_engine": "",
                    "single_user_name": "",
                    "spark_conf": {},
                    "spark_env_vars": {},
                    "spark_version": "13.3.x-scala2.12",
                    "ssh_public_keys": [],
                    "workload_type": []
                  }
                ],
                "notebook_task": [],
                "notification_settings": [],
                "pipeline_task": [],
                "python_wheel_task": [
                  {
                    "entry_point": "main",
                    "named_parameters": {},
                    "package_name": "my_wheel",
                    "parameters": []
                  }
                ],
                "retry_on_timeout": false,
                "run_if": "ALL_SUCCESS",
                "run_job_task": [],
                "spark_jar_task": [],
                "spark_python_task": [],
                "spark_submit_task": [],
                "sql_task": [],
                "task_key": "wheel-task",
                "timeout_seconds": 0,
                "webhook_notifications": []
              }
            ],
            "timeout_seconds": 0,
            "timeouts": null,
            "trigger": [],
            "url": "https://adb-1909067673949101.1.azuredatabricks.net/#job/42798562049751",
            "webhook_notifications": [
              {
                "on_duration_warning_threshold_exceeded": [],
                "on_failure": [],
                "on_start": [],
                "on_streaming_backlog_exceeded": [],
                "on_success": []
              }
            ]
          },
          "sensitive_attributes": [],
          "private": "eyJlMmJmYjczMC1lY2FhLTExZTYtOGY4OC0zNDM2M2JjN2M0YzAiOnsiY3JlYXRlIjoxODAwMDAwMDAwMDAwLCJ1cGRhdGUiOjE4MDAwMDAwMDAwMDB9LCJzY2hlbWFfdmVyc2lvbiI6IjIifQ=="
        }
      ]
    }
  ],
  "check_results": null
}
